
Microsoft Visual Studio Solution File, Format Version 12.00
# Visual Studio 15
VisualStudioVersion = 15.0.27703.2035
MinimumVisualStudioVersion = 10.0.40219.1
Project("{FAE04EC0-301F-11D3-BF4B-00C04F79EFBC}") = "BeautyMe", "BeautyMe\BeautyMe.csproj", "{4A51E4ED-8A91-4D6F-9329-163DE5DC70B2}"
EndProject
Global
	GlobalSection(SolutionConfigurationPlatforms) = preSolution
		Debug|Any CPU = Debug|Any CPU
		Release|Any CPU = Release|Any CPU
	EndGlobalSection
	GlobalSection(ProjectConfigurationPlatforms) = postSolution
		{4A51E4ED-8A91-4D6F-9329-163DE5DC70B2}.Debug|Any CPU.ActiveCfg = Debug|Any CPU
		{4A51E4ED-8A91-4D6F-9329-163DE5DC70B2}.Debug|Any CPU.Build.0 = Debug|Any CPU
		{4A51E4ED-8A91-4D6F-9329-163DE5DC70B2}.Release|Any CPU.ActiveCfg = Release|Any CPU
		{4A51E4ED-8A91-4D6F-9329-163DE5DC70B2}.Release|Any CPU.Build.0 = Release|Any CPU
	EndGlobalSection
	GlobalSection(SolutionProperties) = preSolution
		HideSolutionNode = FALSE
	EndGlobalSection
	GlobalSection(ExtensibilityGlobals) = postSolution
		SolutionGuid = {91FED61B-B8A8-4BE2-B135-441BC4E41301}
	EndGlobalSection
EndGlobal
